
Microsoft Visual Studio Solution File, Format Version 12.00
# Visual Studio Version 17
VisualStudioVersion = 17.13.35913.81
MinimumVisualStudioVersion = 10.0.40219.1
Project("{2150E333-8FDC-42A3-9474-1A3956D46DE8}") = "Core", "Core", "{9D25732E-199A-47F3-BD3F-A39AFFAA3874}"
EndProject
Project("{2150E333-8FDC-42A3-9474-1A3956D46DE8}") = "Tests", "Tests", "{E159EF8E-F47B-4B61-96C0-E766F7F9514A}"
EndProject
Project("{FAE04EC0-301F-11D3-BF4B-00C04F79EFBC}") = "eBar.UnitTests", "eBar.UnitTests\eBar.UnitTests.csproj", "{CADDE11F-ACA2-4288-B143-0A2EC681EF30}"
EndProject
Project("{2150E333-8FDC-42A3-9474-1A3956D46DE8}") = "Applications", "Applications", "{6B6EEE38-107F-423D-A45F-B074DFFD40C8}"
EndProject
Project("{2150E333-8FDC-42A3-9474-1A3956D46DE8}") = "Services", "Services", "{A4954675-BF38-426F-B12D-77687DEE7970}"
EndProject
Project("{FAE04EC0-301F-11D3-BF4B-00C04F79EFBC}") = "eBar.Api", "eBar.Api\eBar.Api.csproj", "{F80F22FB-8C60-4E0A-87B4-6A5EDAB3E03D}"
EndProject
Project("{FAE04EC0-301F-11D3-BF4B-00C04F79EFBC}") = "eBar.WaiterApp", "eBar.WaiterApp\eBar.WaiterApp.csproj", "{467BCD8F-F578-4834-98EF-BA08709290CE}"
EndProject
Project("{FAE04EC0-301F-11D3-BF4B-00C04F79EFBC}") = "eBar.Core", "eBar.Core\eBar.Core.csproj", "{16EF8798-A523-47D0-96FC-5BB669EAAC62}"
EndProject
Project("{FAE04EC0-301F-11D3-BF4B-00C04F79EFBC}") = "eBar.MessageBroker", "eBar.MessageBroker\eBar.MessageBroker.csproj", "{DF49DEF1-BA21-4A85-AEA5-3BB55AD6A2A3}"
EndProject
Project("{FAE04EC0-301F-11D3-BF4B-00C04F79EFBC}") = "eBar.DataStorage", "eBar.DataStorage\eBar.DataStorage.csproj", "{86698383-AE40-40A1-AC1D-9C02879D0093}"
EndProject
Global
	GlobalSection(SolutionConfigurationPlatforms) = preSolution
		Debug|Any CPU = Debug|Any CPU
		Release|Any CPU = Release|Any CPU
	EndGlobalSection
	GlobalSection(ProjectConfigurationPlatforms) = postSolution
		{CADDE11F-ACA2-4288-B143-0A2EC681EF30}.Debug|Any CPU.ActiveCfg = Debug|Any CPU
		{CADDE11F-ACA2-4288-B143-0A2EC681EF30}.Debug|Any CPU.Build.0 = Debug|Any CPU
		{CADDE11F-ACA2-4288-B143-0A2EC681EF30}.Release|Any CPU.ActiveCfg = Release|Any CPU
		{CADDE11F-ACA2-4288-B143-0A2EC681EF30}.Release|Any CPU.Build.0 = Release|Any CPU
		{F80F22FB-8C60-4E0A-87B4-6A5EDAB3E03D}.Debug|Any CPU.ActiveCfg = Debug|Any CPU
		{F80F22FB-8C60-4E0A-87B4-6A5EDAB3E03D}.Debug|Any CPU.Build.0 = Debug|Any CPU
		{F80F22FB-8C60-4E0A-87B4-6A5EDAB3E03D}.Release|Any CPU.ActiveCfg = Release|Any CPU
		{F80F22FB-8C60-4E0A-87B4-6A5EDAB3E03D}.Release|Any CPU.Build.0 = Release|Any CPU
		{467BCD8F-F578-4834-98EF-BA08709290CE}.Debug|Any CPU.ActiveCfg = Debug|Any CPU
		{467BCD8F-F578-4834-98EF-BA08709290CE}.Debug|Any CPU.Build.0 = Debug|Any CPU
		{467BCD8F-F578-4834-98EF-BA08709290CE}.Release|Any CPU.ActiveCfg = Release|Any CPU
		{467BCD8F-F578-4834-98EF-BA08709290CE}.Release|Any CPU.Build.0 = Release|Any CPU
		{16EF8798-A523-47D0-96FC-5BB669EAAC62}.Debug|Any CPU.ActiveCfg = Debug|Any CPU
		{16EF8798-A523-47D0-96FC-5BB669EAAC62}.Debug|Any CPU.Build.0 = Debug|Any CPU
		{16EF8798-A523-47D0-96FC-5BB669EAAC62}.Release|Any CPU.ActiveCfg = Release|Any CPU
		{16EF8798-A523-47D0-96FC-5BB669EAAC62}.Release|Any CPU.Build.0 = Release|Any CPU
		{DF49DEF1-BA21-4A85-AEA5-3BB55AD6A2A3}.Debug|Any CPU.ActiveCfg = Debug|Any CPU
		{DF49DEF1-BA21-4A85-AEA5-3BB55AD6A2A3}.Debug|Any CPU.Build.0 = Debug|Any CPU
		{DF49DEF1-BA21-4A85-AEA5-3BB55AD6A2A3}.Release|Any CPU.ActiveCfg = Release|Any CPU
		{DF49DEF1-BA21-4A85-AEA5-3BB55AD6A2A3}.Release|Any CPU.Build.0 = Release|Any CPU
		{86698383-AE40-40A1-AC1D-9C02879D0093}.Debug|Any CPU.ActiveCfg = Debug|Any CPU
		{86698383-AE40-40A1-AC1D-9C02879D0093}.Debug|Any CPU.Build.0 = Debug|Any CPU
		{86698383-AE40-40A1-AC1D-9C02879D0093}.Release|Any CPU.ActiveCfg = Release|Any CPU
		{86698383-AE40-40A1-AC1D-9C02879D0093}.Release|Any CPU.Build.0 = Release|Any CPU
	EndGlobalSection
	GlobalSection(SolutionProperties) = preSolution
		HideSolutionNode = FALSE
	EndGlobalSection
	GlobalSection(NestedProjects) = preSolution
		{CADDE11F-ACA2-4288-B143-0A2EC681EF30} = {E159EF8E-F47B-4B61-96C0-E766F7F9514A}
		{F80F22FB-8C60-4E0A-87B4-6A5EDAB3E03D} = {A4954675-BF38-426F-B12D-77687DEE7970}
		{467BCD8F-F578-4834-98EF-BA08709290CE} = {6B6EEE38-107F-423D-A45F-B074DFFD40C8}
		{DF49DEF1-BA21-4A85-AEA5-3BB55AD6A2A3} = {9D25732E-199A-47F3-BD3F-A39AFFAA3874}
		{16EF8798-A523-47D0-96FC-5BB669EAAC62} = {9D25732E-199A-47F3-BD3F-A39AFFAA3874}
		{86698383-AE40-40A1-AC1D-9C02879D0093} = {9D25732E-199A-47F3-BD3F-A39AFFAA3874}
	EndGlobalSection
	GlobalSection(ExtensibilityGlobals) = postSolution
		SolutionGuid = {A92639DD-0F34-4546-A5BE-06B8CC9861EB}
	EndGlobalSection
EndGlobal
